// !$*UTF8*$!
{
	archiveVersion = 1;
	classes = {
	};
	objectVersion = 55;
	objects = {

/* Begin PBXBuildFile section */
		6D92B7C7275482E000BD957E /* main.cpp in Sources */ = {isa = PBXBuildFile; fileRef = 6D92B7C6275482E000BD957E /* main.cpp */; };
		6D92B7CF27548A4A00BD957E /* Vehicle.cpp in Sources */ = {isa = PBXBuildFile; fileRef = 6D92B7CE27548A4A00BD957E /* Vehicle.cpp */; };
		6D92B7D227548CF200BD957E /* Car.cpp in Sources */ = {isa = PBXBuildFile; fileRef = 6D92B7D027548CF200BD957E /* Car.cpp */; };
		6D92B7D52754916600BD957E /* Truck.cpp in Sources */ = {isa = PBXBuildFile; fileRef = 6D92B7D32754916600BD957E /* Truck.cpp */; };
/* End PBXBuildFile section */

/* Begin PBXCopyFilesBuildPhase section */
		6D92B7C1275482E000BD957E /* CopyFiles */ = {
			isa = PBXCopyFilesBuildPhase;
			buildActionMask = 2147483647;
			dstPath = /usr/share/man/man1/;
			dstSubfolderSpec = 0;
			files = (
			);
			runOnlyForDeploymentPostprocessing = 1;
		};
/* End PBXCopyFilesBuildPhase section */

/* Begin PBXFileReference section */
		6D92B7C3275482E000BD957E /* CS1202-QiZhang-Inheritance */ = {isa = PBXFileReference; explicitFileType = "compiled.mach-o.executable"; includeInIndex = 0; path = "CS1202-QiZhang-Inheritance"; sourceTree = BUILT_PRODUCTS_DIR; };
		6D92B7C6275482E000BD957E /* main.cpp */ = {isa = PBXFileReference; lastKnownFileType = sourcecode.cpp.cpp; path = main.cpp; sourceTree = "<group>"; };
		6D92B7CD275484DF00BD957E /* Vehicle.h */ = {isa = PBXFileReference; explicitFileType = sourcecode.cpp.h; path = Vehicle.h; sourceTree = "<group>"; };
		6D92B7CE27548A4A00BD957E /* Vehicle.cpp */ = {isa = PBXFileReference; lastKnownFileType = sourcecode.cpp.cpp; path = Vehicle.cpp; sourceTree = "<group>"; };
		6D92B7D027548CF200BD957E /* Car.cpp */ = {isa = PBXFileReference; lastKnownFileType = sourcecode.cpp.cpp; path = Car.cpp; sourceTree = "<group>"; };
		6D92B7D127548CF200BD957E /* Car.hpp */ = {isa = PBXFileReference; lastKnownFileType = sourcecode.cpp.h; path = Car.hpp; sourceTree = "<group>"; };
		6D92B7D32754916600BD957E /* Truck.cpp */ = {isa = PBXFileReference; lastKnownFileType = sourcecode.cpp.cpp; path = Truck.cpp; sourceTree = "<group>"; };
		6D92B7D42754916600BD957E /* Truck.hpp */ = {isa = PBXFileReference; lastKnownFileType = sourcecode.cpp.h; path = Truck.hpp; sourceTree = "<group>"; };
/* End PBXFileReference section */

/* Begin PBXFrameworksBuildPhase section */
		6D92B7C0275482E000BD957E /* Frameworks */ = {
			isa = PBXFrameworksBuildPhase;
			buildActionMask = 2147483647;
			files = (
			);
			runOnlyForDeploymentPostprocessing = 0;
		};
/* End PBXFrameworksBuildPhase section */

/* Begin PBXGroup section */
		6D92B7BA275482E000BD957E = {
			isa = PBXGroup;
			children = (
				6D92B7C5275482E000BD957E /* CS1202-QiZhang-Inheritance */,
				6D92B7C4275482E000BD957E /* Products */,
			);
			sourceTree = "<group>";
		};
		6D92B7C4275482E000BD957E /* Products */ = {
			isa = PBXGroup;
			children = (
				6D92B7C3275482E000BD957E /* CS1202-QiZhang-Inheritance */,
			);
			name = Products;
			sourceTree = "<group>";
		};
		6D92B7C5275482E000BD957E /* CS1202-QiZhang-Inheritance */ = {
			isa = PBXGroup;
			children = (
				6D92B7C6275482E000BD957E /* main.cpp */,
				6D92B7CD275484DF00BD957E /* Vehicle.h */,
				6D92B7CE27548A4A00BD957E /* Vehicle.cpp */,
				6D92B7D027548CF200BD957E /* Car.cpp */,
				6D92B7D32754916600BD957E /* Truck.cpp */,
				6D92B7D42754916600BD957E /* Truck.hpp */,
				6D92B7D127548CF200BD957E /* Car.hpp */,
			);
			path = "CS1202-QiZhang-Inheritance";
			sourceTree = "<group>";
		};
/* End PBXGroup section */

/* Begin PBXNativeTarget section */
		6D92B7C2275482E000BD957E /* CS1202-QiZhang-Inheritance */ = {
			isa = PBXNativeTarget;
			buildConfigurationList = 6D92B7CA275482E000BD957E /* Build configuration list for PBXNativeTarget "CS1202-QiZhang-Inheritance" */;
			buildPhases = (
				6D92B7BF275482E000BD957E /* Sources */,
				6D92B7C0275482E000BD957E /* Frameworks */,
				6D92B7C1275482E000BD957E /* CopyFiles */,
			);
			buildRules = (
			);
			dependencies = (
			);
			name = "CS1202-QiZhang-Inheritance";
			productName = "CS1202-QiZhang-Inheritance";
			productReference = 6D92B7C3275482E000BD957E /* CS1202-QiZhang-Inheritance */;
			productType = "com.apple.product-type.tool";
		};
/* End PBXNativeTarget section */

/* Begin PBXProject section */
		6D92B7BB275482E000BD957E /* Project object */ = {
			isa = PBXProject;
			attributes = {
				BuildIndependentTargetsInParallel = 1;
				LastUpgradeCheck = 1310;
				TargetAttributes = {
					6D92B7C2275482E000BD957E = {
						CreatedOnToolsVersion = 13.1;
					};
				};
			};
			buildConfigurationList = 6D92B7BE275482E000BD957E /* Build configuration list for PBXProject "CS1202-QiZhang-Inheritance" */;
			compatibilityVersion = "Xcode 13.0";
			developmentRegion = en;
			hasScannedForEncodings = 0;
			knownRegions = (
				en,
				Base,
			);
			mainGroup = 6D92B7BA275482E000BD957E;
			productRefGroup = 6D92B7C4275482E000BD957E /* Products */;
			projectDirPath = "";
			projectRoot = "";
			targets = (
				6D92B7C2275482E000BD957E /* CS1202-QiZhang-Inheritance */,
			);
		};
/* End PBXProject section */

/* Begin PBXSourcesBuildPhase section */
		6D92B7BF275482E000BD957E /* Sources */ = {
			isa = PBXSourcesBuildPhase;
			buildActionMask = 2147483647;
			files = (
				6D92B7D227548CF200BD957E /* Car.cpp in Sources */,
				6D92B7CF27548A4A00BD957E /* Vehicle.cpp in Sources */,
				6D92B7C7275482E000BD957E /* main.cpp in Sources */,
				6D92B7D52754916600BD957E /* Truck.cpp in Sources */,
			);
			runOnlyForDeploymentPostprocessing = 0;
		};
/* End PBXSourcesBuildPhase section */

/* Begin XCBuildConfiguration section */
		6D92B7C8275482E000BD957E /* Debug */ = {
			isa = XCBuildConfiguration;
			buildSettings = {
				ALWAYS_SEARCH_USER_PATHS = NO;
				CLANG_ANALYZER_NONNULL = YES;
				CLANG_ANALYZER_NUMBER_OBJECT_CONVERSION = YES_AGGRESSIVE;
				CLANG_CXX_LANGUAGE_STANDARD = "gnu++17";
				CLANG_CXX_LIBRARY = "libc++";
				CLANG_ENABLE_MODULES = YES;
				CLANG_ENABLE_OBJC_ARC = YES;
				CLANG_ENABLE_OBJC_WEAK = YES;
				CLANG_WARN_BLOCK_CAPTURE_AUTORELEASING = YES;
				CLANG_WARN_BOOL_CONVERSION = YES;
				CLANG_WARN_COMMA = YES;
				CLANG_WARN_CONSTANT_CONVERSION = YES;
				CLANG_WARN_DEPRECATED_OBJC_IMPLEMENTATIONS = YES;
				CLANG_WARN_DIRECT_OBJC_ISA_USAGE = YES_ERROR;
				CLANG_WARN_DOCUMENTATION_COMMENTS = YES;
				CLANG_WARN_EMPTY_BODY = YES;
				CLANG_WARN_ENUM_CONVERSION = YES;
				CLANG_WARN_INFINITE_RECURSION = YES;
				CLANG_WARN_INT_CONVERSION = YES;
				CLANG_WARN_NON_LITERAL_NULL_CONVERSION = YES;
				CLANG_WARN_OBJC_IMPLICIT_RETAIN_SELF = YES;
				CLANG_WARN_OBJC_LITERAL_CONVERSION = YES;
				CLANG_WARN_OBJC_ROOT_CLASS = YES_ERROR;
				CLANG_WARN_QUOTED_INCLUDE_IN_FRAMEWORK_HEADER = YES;
				CLANG_WARN_RANGE_LOOP_ANALYSIS = YES;
				CLANG_WARN_STRICT_PROTOTYPES = YES;
				CLANG_WARN_SUSPICIOUS_MOVE = YES;
				CLANG_WARN_UNGUARDED_AVAILABILITY = YES_AGGRESSIVE;
				CLANG_WARN_UNREACHABLE_CODE = YES;
				CLANG_WARN__DUPLICATE_METHOD_MATCH = YES;
				COPY_PHASE_STRIP = NO;
				DEBUG_INFORMATION_FORMAT = dwarf;
				ENABLE_STRICT_OBJC_MSGSEND = YES;
				ENABLE_TESTABILITY = YES;
				GCC_C_LANGUAGE_STANDARD = gnu11;
				GCC_DYNAMIC_NO_PIC = NO;
				GCC_NO_COMMON_BLOCKS = YES;
				GCC_OPTIMIZATION_LEVEL = 0;
				GCC_PREPROCESSOR_DEFINITIONS = (
					"DEBUG=1",
					"$(inherited)",
				);
				GCC_WARN_64_TO_32_BIT_CONVERSION = YES;
				GCC_WARN_ABOUT_RETURN_TYPE = YES_ERROR;
				GCC_WARN_UNDECLARED_SELECTOR = YES;
				GCC_WARN_UNINITIALIZED_AUTOS = YES_AGGRESSIVE;
				GCC_WARN_UNUSED_FUNCTION = YES;
				GCC_WARN_UNUSED_VARIABLE = YES;
				MACOSX_DEPLOYMENT_TARGET = 12.0;
				MTL_ENABLE_DEBUG_INFO = INCLUDE_SOURCE;
				MTL_FAST_MATH = YES;
				ONLY_ACTIVE_ARCH = YES;
				SDKROOT = macosx;
			};
			name = Debug;
		};
		6D92B7C9275482E000BD957E /* Release */ = {
			isa = XCBuildConfiguration;
			buildSettings = {
				ALWAYS_SEARCH_USER_PATHS = NO;
				CLANG_ANALYZER_NONNULL = YES;
				CLANG_ANALYZER_NUMBER_OBJECT_CONVERSION = YES_AGGRESSIVE;
				CLANG_CXX_LANGUAGE_STANDARD = "gnu++17";
				CLANG_CXX_LIBRARY = "libc++";
				CLANG_ENABLE_MODULES = YES;
				CLANG_ENABLE_OBJC_ARC = YES;
				CLANG_ENABLE_OBJC_WEAK = YES;
				CLANG_WARN_BLOCK_CAPTURE_AUTORELEASING = YES;
				CLANG_WARN_BOOL_CONVERSION = YES;
				CLANG_WARN_COMMA = YES;
				CLANG_WARN_CONSTANT_CONVERSION = YES;
				CLANG_WARN_DEPRECATED_OBJC_IMPLEMENTATIONS = YES;
				CLANG_WARN_DIRECT_OBJC_ISA_USAGE = YES_ERROR;
				CLANG_WARN_DOCUMENTATION_COMMENTS = YES;
				CLANG_WARN_EMPTY_BODY = YES;
				CLANG_WARN_ENUM_CONVERSION = YES;
				CLANG_WARN_INFINITE_RECURSION = YES;
				CLANG_WARN_INT_CONVERSION = YES;
				CLANG_WARN_NON_LITERAL_NULL_CONVERSION = YES;
				CLANG_WARN_OBJC_IMPLICIT_RETAIN_SELF = YES;
				CLANG_WARN_OBJC_LITERAL_CONVERSION = YES;
				CLANG_WARN_OBJC_ROOT_CLASS = YES_ERROR;
				CLANG_WARN_QUOTED_INCLUDE_IN_FRAMEWORK_HEADER = YES;
				CLANG_WARN_RANGE_LOOP_ANALYSIS = YES;
				CLANG_WARN_STRICT_PROTOTYPES = YES;
				CLANG_WARN_SUSPICIOUS_MOVE = YES;
				CLANG_WARN_UNGUARDED_AVAILABILITY = YES_AGGRESSIVE;
				CLANG_WARN_UNREACHABLE_CODE = YES;
				CLANG_WARN__DUPLICATE_METHOD_MATCH = YES;
				COPY_PHASE_STRIP = NO;
				DEBUG_INFORMATION_FORMAT = "dwarf-with-dsym";
				ENABLE_NS_ASSERTIONS = NO;
				ENABLE_STRICT_OBJC_MSGSEND = YES;
				GCC_C_LANGUAGE_STANDARD = gnu11;
				GCC_NO_COMMON_BLOCKS = YES;
				GCC_WARN_64_TO_32_BIT_CONVERSION = YES;
				GCC_WARN_ABOUT_RETURN_TYPE = YES_ERROR;
				GCC_WARN_UNDECLARED_SELECTOR = YES;
				GCC_WARN_UNINITIALIZED_AUTOS = YES_AGGRESSIVE;
				GCC_WARN_UNUSED_FUNCTION = YES;
				GCC_WARN_UNUSED_VARIABLE = YES;
				MACOSX_DEPLOYMENT_TARGET = 12.0;
				MTL_ENABLE_DEBUG_INFO = NO;
				MTL_FAST_MATH = YES;
				SDKROOT = macosx;
			};
			name = Release;
		};
		6D92B7CB275482E000BD957E /* Debug */ = {
			isa = XCBuildConfiguration;
			buildSettings = {
				CODE_SIGN_STYLE = Automatic;
				DEVELOPMENT_TEAM = QBPHCZRND6;
				ENABLE_HARDENED_RUNTIME = YES;
				PRODUCT_NAME = "$(TARGET_NAME)";
			};
			name = Debug;
		};
		6D92B7CC275482E000BD957E /* Release */ = {
			isa = XCBuildConfiguration;
			buildSettings = {
				CODE_SIGN_STYLE = Automatic;
				DEVELOPMENT_TEAM = QBPHCZRND6;
				ENABLE_HARDENED_RUNTIME = YES;
				PRODUCT_NAME = "$(TARGET_NAME)";
			};
			name = Release;
		};
/* End XCBuildConfiguration section */

/* Begin XCConfigurationList section */
		6D92B7BE275482E000BD957E /* Build configuration list for PBXProject "CS1202-QiZhang-Inheritance" */ = {
			isa = XCConfigurationList;
			buildConfigurations = (
				6D92B7C8275482E000BD957E /* Debug */,
				6D92B7C9275482E000BD957E /* Release */,
			);
			defaultConfigurationIsVisible = 0;
			defaultConfigurationName = Release;
		};
		6D92B7CA275482E000BD957E /* Build configuration list for PBXNativeTarget "CS1202-QiZhang-Inheritance" */ = {
			isa = XCConfigurationList;
			buildConfigurations = (
				6D92B7CB275482E000BD957E /* Debug */,
				6D92B7CC275482E000BD957E /* Release */,
			);
			defaultConfigurationIsVisible = 0;
			defaultConfigurationName = Release;
		};
/* End XCConfigurationList section */
	};
	rootObject = 6D92B7BB275482E000BD957E /* Project object */;
}
